
Microsoft Visual Studio Solution File, Format Version 12.00
# Visual Studio Version 17
VisualStudioVersion = 17.3.32819.101
MinimumVisualStudioVersion = 10.0.40219.1
Project("{9A19103F-16F7-4668-BE54-9A1E7A4F7556}") = "AWS_Lambda_Scheduled_Calls_Via_EventBridge", "AWS_Lambda_Scheduled_Calls_Via_EventBridge\AWS_Lambda_Scheduled_Calls_Via_EventBridge.csproj", "{76D22F5B-D078-4D14-BA82-B793832B5123}"
EndProject
Global
	GlobalSection(SolutionConfigurationPlatforms) = preSolution
		Debug|Any CPU = Debug|Any CPU
		Release|Any CPU = Release|Any CPU
	EndGlobalSection
	GlobalSection(ProjectConfigurationPlatforms) = postSolution
		{76D22F5B-D078-4D14-BA82-B793832B5123}.Debug|Any CPU.ActiveCfg = Debug|Any CPU
		{76D22F5B-D078-4D14-BA82-B793832B5123}.Debug|Any CPU.Build.0 = Debug|Any CPU
		{76D22F5B-D078-4D14-BA82-B793832B5123}.Release|Any CPU.ActiveCfg = Release|Any CPU
		{76D22F5B-D078-4D14-BA82-B793832B5123}.Release|Any CPU.Build.0 = Release|Any CPU
	EndGlobalSection
	GlobalSection(SolutionProperties) = preSolution
		HideSolutionNode = FALSE
	EndGlobalSection
	GlobalSection(ExtensibilityGlobals) = postSolution
		SolutionGuid = {904D7123-C138-4558-9202-8DA2A3BF50C0}
	EndGlobalSection
EndGlobal
